// !$*UTF8*$!
{
	archiveVersion = 1;
	classes = {
	};
	objectVersion = 50;
	objects = {

/* Begin PBXBuildFile section */
		6602EDA02392ECD30039D0C6 /* GameState.swift in Sources */ = {isa = PBXBuildFile; fileRef = 6602ED9F2392ECD30039D0C6 /* GameState.swift */; };
		6602EDA32393054E0039D0C6 /* UIButton.swift in Sources */ = {isa = PBXBuildFile; fileRef = 6602EDA22393054E0039D0C6 /* UIButton.swift */; };
		6602EDA52393CFD10039D0C6 /* UITextField.swift in Sources */ = {isa = PBXBuildFile; fileRef = 6602EDA42393CFD10039D0C6 /* UITextField.swift */; };
		6602EDA72393DDDE0039D0C6 /* ErrorResult.swift in Sources */ = {isa = PBXBuildFile; fileRef = 6602EDA62393DDDE0039D0C6 /* ErrorResult.swift */; };
		6602EDAE2393E22A0039D0C6 /* Winning Screen.png in Resources */ = {isa = PBXBuildFile; fileRef = 6602EDA92393E22A0039D0C6 /* Winning Screen.png */; };
		6602EDAF2393E22A0039D0C6 /* Playing Screen.png in Resources */ = {isa = PBXBuildFile; fileRef = 6602EDAA2393E22A0039D0C6 /* Playing Screen.png */; };
		6602EDB02393E22A0039D0C6 /* Loading Screen.png in Resources */ = {isa = PBXBuildFile; fileRef = 6602EDAB2393E22A0039D0C6 /* Loading Screen.png */; };
		6602EDB12393E22A0039D0C6 /* Start Screen.png in Resources */ = {isa = PBXBuildFile; fileRef = 6602EDAC2393E22A0039D0C6 /* Start Screen.png */; };
		6602EDB22393E22A0039D0C6 /* Game Over Screen.png in Resources */ = {isa = PBXBuildFile; fileRef = 6602EDAD2393E22A0039D0C6 /* Game Over Screen.png */; };
		664DFE762392A2C6003A97C1 /* AppDelegate.swift in Sources */ = {isa = PBXBuildFile; fileRef = 664DFE752392A2C6003A97C1 /* AppDelegate.swift */; };
		664DFE782392A2C6003A97C1 /* SceneDelegate.swift in Sources */ = {isa = PBXBuildFile; fileRef = 664DFE772392A2C6003A97C1 /* SceneDelegate.swift */; };
		664DFE7A2392A2C6003A97C1 /* QuestionViewController.swift in Sources */ = {isa = PBXBuildFile; fileRef = 664DFE792392A2C6003A97C1 /* QuestionViewController.swift */; };
		664DFE7D2392A2C6003A97C1 /* Main.storyboard in Resources */ = {isa = PBXBuildFile; fileRef = 664DFE7B2392A2C6003A97C1 /* Main.storyboard */; };
		664DFE7F2392A2C6003A97C1 /* Assets.xcassets in Resources */ = {isa = PBXBuildFile; fileRef = 664DFE7E2392A2C6003A97C1 /* Assets.xcassets */; };
		664DFE822392A2C6003A97C1 /* LaunchScreen.storyboard in Resources */ = {isa = PBXBuildFile; fileRef = 664DFE802392A2C6003A97C1 /* LaunchScreen.storyboard */; };
		664DFE8D2392A2C6003A97C1 /* JavaKeywordsTests.swift in Sources */ = {isa = PBXBuildFile; fileRef = 664DFE8C2392A2C6003A97C1 /* JavaKeywordsTests.swift */; };
		664DFE982392A2C6003A97C1 /* JavaKeywordsUITests.swift in Sources */ = {isa = PBXBuildFile; fileRef = 664DFE972392A2C6003A97C1 /* JavaKeywordsUITests.swift */; };
		664DFEA72392A790003A97C1 /* Countdown.swift in Sources */ = {isa = PBXBuildFile; fileRef = 664DFEA62392A790003A97C1 /* Countdown.swift */; };
		664DFEA92392ABD1003A97C1 /* Question.swift in Sources */ = {isa = PBXBuildFile; fileRef = 664DFEA82392ABD1003A97C1 /* Question.swift */; };
		664DFEAC2392AC9B003A97C1 /* QuestionService.swift in Sources */ = {isa = PBXBuildFile; fileRef = 664DFEAB2392AC9B003A97C1 /* QuestionService.swift */; };
/* End PBXBuildFile section */

/* Begin PBXContainerItemProxy section */
		664DFE892392A2C6003A97C1 /* PBXContainerItemProxy */ = {
			isa = PBXContainerItemProxy;
			containerPortal = 664DFE6A2392A2C6003A97C1 /* Project object */;
			proxyType = 1;
			remoteGlobalIDString = 664DFE712392A2C6003A97C1;
			remoteInfo = JavaKeywords;
		};
		664DFE942392A2C6003A97C1 /* PBXContainerItemProxy */ = {
			isa = PBXContainerItemProxy;
			containerPortal = 664DFE6A2392A2C6003A97C1 /* Project object */;
			proxyType = 1;
			remoteGlobalIDString = 664DFE712392A2C6003A97C1;
			remoteInfo = JavaKeywords;
		};
/* End PBXContainerItemProxy section */

/* Begin PBXFileReference section */
		6602ED9F2392ECD30039D0C6 /* GameState.swift */ = {isa = PBXFileReference; lastKnownFileType = sourcecode.swift; path = GameState.swift; sourceTree = "<group>"; };
		6602EDA22393054E0039D0C6 /* UIButton.swift */ = {isa = PBXFileReference; lastKnownFileType = sourcecode.swift; path = UIButton.swift; sourceTree = "<group>"; };
		6602EDA42393CFD10039D0C6 /* UITextField.swift */ = {isa = PBXFileReference; lastKnownFileType = sourcecode.swift; path = UITextField.swift; sourceTree = "<group>"; };
		6602EDA62393DDDE0039D0C6 /* ErrorResult.swift */ = {isa = PBXFileReference; lastKnownFileType = sourcecode.swift; path = ErrorResult.swift; sourceTree = "<group>"; };
		6602EDA92393E22A0039D0C6 /* Winning Screen.png */ = {isa = PBXFileReference; lastKnownFileType = image.png; path = "Winning Screen.png"; sourceTree = "<group>"; };
		6602EDAA2393E22A0039D0C6 /* Playing Screen.png */ = {isa = PBXFileReference; lastKnownFileType = image.png; path = "Playing Screen.png"; sourceTree = "<group>"; };
		6602EDAB2393E22A0039D0C6 /* Loading Screen.png */ = {isa = PBXFileReference; lastKnownFileType = image.png; path = "Loading Screen.png"; sourceTree = "<group>"; };
		6602EDAC2393E22A0039D0C6 /* Start Screen.png */ = {isa = PBXFileReference; lastKnownFileType = image.png; path = "Start Screen.png"; sourceTree = "<group>"; };
		6602EDAD2393E22A0039D0C6 /* Game Over Screen.png */ = {isa = PBXFileReference; lastKnownFileType = image.png; path = "Game Over Screen.png"; sourceTree = "<group>"; };
		664DFE722392A2C6003A97C1 /* JavaKeywords.app */ = {isa = PBXFileReference; explicitFileType = wrapper.application; includeInIndex = 0; path = JavaKeywords.app; sourceTree = BUILT_PRODUCTS_DIR; };
		664DFE752392A2C6003A97C1 /* AppDelegate.swift */ = {isa = PBXFileReference; lastKnownFileType = sourcecode.swift; path = AppDelegate.swift; sourceTree = "<group>"; };
		664DFE772392A2C6003A97C1 /* SceneDelegate.swift */ = {isa = PBXFileReference; lastKnownFileType = sourcecode.swift; path = SceneDelegate.swift; sourceTree = "<group>"; };
		664DFE792392A2C6003A97C1 /* QuestionViewController.swift */ = {isa = PBXFileReference; lastKnownFileType = sourcecode.swift; path = QuestionViewController.swift; sourceTree = "<group>"; };
		664DFE7C2392A2C6003A97C1 /* Base */ = {isa = PBXFileReference; lastKnownFileType = file.storyboard; name = Base; path = Base.lproj/Main.storyboard; sourceTree = "<group>"; };
		664DFE7E2392A2C6003A97C1 /* Assets.xcassets */ = {isa = PBXFileReference; lastKnownFileType = folder.assetcatalog; path = Assets.xcassets; sourceTree = "<group>"; };
		664DFE812392A2C6003A97C1 /* Base */ = {isa = PBXFileReference; lastKnownFileType = file.storyboard; name = Base; path = Base.lproj/LaunchScreen.storyboard; sourceTree = "<group>"; };
		664DFE832392A2C6003A97C1 /* Info.plist */ = {isa = PBXFileReference; lastKnownFileType = text.plist.xml; path = Info.plist; sourceTree = "<group>"; };
		664DFE882392A2C6003A97C1 /* JavaKeywordsTests.xctest */ = {isa = PBXFileReference; explicitFileType = wrapper.cfbundle; includeInIndex = 0; path = JavaKeywordsTests.xctest; sourceTree = BUILT_PRODUCTS_DIR; };
		664DFE8C2392A2C6003A97C1 /* JavaKeywordsTests.swift */ = {isa = PBXFileReference; lastKnownFileType = sourcecode.swift; path = JavaKeywordsTests.swift; sourceTree = "<group>"; };
		664DFE8E2392A2C6003A97C1 /* Info.plist */ = {isa = PBXFileReference; lastKnownFileType = text.plist.xml; path = Info.plist; sourceTree = "<group>"; };
		664DFE932392A2C6003A97C1 /* JavaKeywordsUITests.xctest */ = {isa = PBXFileReference; explicitFileType = wrapper.cfbundle; includeInIndex = 0; path = JavaKeywordsUITests.xctest; sourceTree = BUILT_PRODUCTS_DIR; };
		664DFE972392A2C6003A97C1 /* JavaKeywordsUITests.swift */ = {isa = PBXFileReference; lastKnownFileType = sourcecode.swift; path = JavaKeywordsUITests.swift; sourceTree = "<group>"; };
		664DFE992392A2C6003A97C1 /* Info.plist */ = {isa = PBXFileReference; lastKnownFileType = text.plist.xml; path = Info.plist; sourceTree = "<group>"; };
		664DFEA62392A790003A97C1 /* Countdown.swift */ = {isa = PBXFileReference; lastKnownFileType = sourcecode.swift; path = Countdown.swift; sourceTree = "<group>"; };
		664DFEA82392ABD1003A97C1 /* Question.swift */ = {isa = PBXFileReference; lastKnownFileType = sourcecode.swift; path = Question.swift; sourceTree = "<group>"; };
		664DFEAB2392AC9B003A97C1 /* QuestionService.swift */ = {isa = PBXFileReference; lastKnownFileType = sourcecode.swift; path = QuestionService.swift; sourceTree = "<group>"; };
/* End PBXFileReference section */

/* Begin PBXFrameworksBuildPhase section */
		664DFE6F2392A2C6003A97C1 /* Frameworks */ = {
			isa = PBXFrameworksBuildPhase;
			buildActionMask = 2147483647;
			files = (
			);
			runOnlyForDeploymentPostprocessing = 0;
		};
		664DFE852392A2C6003A97C1 /* Frameworks */ = {
			isa = PBXFrameworksBuildPhase;
			buildActionMask = 2147483647;
			files = (
			);
			runOnlyForDeploymentPostprocessing = 0;
		};
		664DFE902392A2C6003A97C1 /* Frameworks */ = {
			isa = PBXFrameworksBuildPhase;
			buildActionMask = 2147483647;
			files = (
			);
			runOnlyForDeploymentPostprocessing = 0;
		};
/* End PBXFrameworksBuildPhase section */

/* Begin PBXGroup section */
		6602EDA1239305410039D0C6 /* Extensions */ = {
			isa = PBXGroup;
			children = (
				6602EDA22393054E0039D0C6 /* UIButton.swift */,
				6602EDA42393CFD10039D0C6 /* UITextField.swift */,
			);
			path = Extensions;
			sourceTree = "<group>";
		};
		6602EDA82393E2080039D0C6 /* Screenshots */ = {
			isa = PBXGroup;
			children = (
				6602EDAB2393E22A0039D0C6 /* Loading Screen.png */,
				6602EDAC2393E22A0039D0C6 /* Start Screen.png */,
				6602EDAA2393E22A0039D0C6 /* Playing Screen.png */,
				6602EDA92393E22A0039D0C6 /* Winning Screen.png */,
				6602EDAD2393E22A0039D0C6 /* Game Over Screen.png */,
			);
			path = Screenshots;
			sourceTree = "<group>";
		};
		664DFE692392A2C6003A97C1 = {
			isa = PBXGroup;
			children = (
				664DFE742392A2C6003A97C1 /* JavaKeywords */,
				664DFE8B2392A2C6003A97C1 /* JavaKeywordsTests */,
				664DFE962392A2C6003A97C1 /* JavaKeywordsUITests */,
				6602EDA82393E2080039D0C6 /* Screenshots */,
				664DFE732392A2C6003A97C1 /* Products */,
			);
			sourceTree = "<group>";
		};
		664DFE732392A2C6003A97C1 /* Products */ = {
			isa = PBXGroup;
			children = (
				664DFE722392A2C6003A97C1 /* JavaKeywords.app */,
				664DFE882392A2C6003A97C1 /* JavaKeywordsTests.xctest */,
				664DFE932392A2C6003A97C1 /* JavaKeywordsUITests.xctest */,
			);
			name = Products;
			sourceTree = "<group>";
		};
		664DFE742392A2C6003A97C1 /* JavaKeywords */ = {
			isa = PBXGroup;
			children = (
				6602EDA1239305410039D0C6 /* Extensions */,
				664DFEAD2392C754003A97C1 /* Controller */,
				664DFEAA2392AC83003A97C1 /* Network */,
				664DFEA52392A783003A97C1 /* Model */,
				664DFE752392A2C6003A97C1 /* AppDelegate.swift */,
				664DFE772392A2C6003A97C1 /* SceneDelegate.swift */,
				664DFE7B2392A2C6003A97C1 /* Main.storyboard */,
				664DFE7E2392A2C6003A97C1 /* Assets.xcassets */,
				664DFE802392A2C6003A97C1 /* LaunchScreen.storyboard */,
				664DFE832392A2C6003A97C1 /* Info.plist */,
			);
			path = JavaKeywords;
			sourceTree = "<group>";
		};
		664DFE8B2392A2C6003A97C1 /* JavaKeywordsTests */ = {
			isa = PBXGroup;
			children = (
				664DFE8C2392A2C6003A97C1 /* JavaKeywordsTests.swift */,
				664DFE8E2392A2C6003A97C1 /* Info.plist */,
			);
			path = JavaKeywordsTests;
			sourceTree = "<group>";
		};
		664DFE962392A2C6003A97C1 /* JavaKeywordsUITests */ = {
			isa = PBXGroup;
			children = (
				664DFE972392A2C6003A97C1 /* JavaKeywordsUITests.swift */,
				664DFE992392A2C6003A97C1 /* Info.plist */,
			);
			path = JavaKeywordsUITests;
			sourceTree = "<group>";
		};
		664DFEA52392A783003A97C1 /* Model */ = {
			isa = PBXGroup;
			children = (
				6602ED9F2392ECD30039D0C6 /* GameState.swift */,
				664DFEA82392ABD1003A97C1 /* Question.swift */,
				664DFEA62392A790003A97C1 /* Countdown.swift */,
			);
			path = Model;
			sourceTree = "<group>";
		};
		664DFEAA2392AC83003A97C1 /* Network */ = {
			isa = PBXGroup;
			children = (
				664DFEAB2392AC9B003A97C1 /* QuestionService.swift */,
				6602EDA62393DDDE0039D0C6 /* ErrorResult.swift */,
			);
			path = Network;
			sourceTree = "<group>";
		};
		664DFEAD2392C754003A97C1 /* Controller */ = {
			isa = PBXGroup;
			children = (
				664DFE792392A2C6003A97C1 /* QuestionViewController.swift */,
			);
			path = Controller;
			sourceTree = "<group>";
		};
/* End PBXGroup section */

/* Begin PBXNativeTarget section */
		664DFE712392A2C6003A97C1 /* JavaKeywords */ = {
			isa = PBXNativeTarget;
			buildConfigurationList = 664DFE9C2392A2C6003A97C1 /* Build configuration list for PBXNativeTarget "JavaKeywords" */;
			buildPhases = (
				664DFE6E2392A2C6003A97C1 /* Sources */,
				664DFE6F2392A2C6003A97C1 /* Frameworks */,
				664DFE702392A2C6003A97C1 /* Resources */,
			);
			buildRules = (
			);
			dependencies = (
			);
			name = JavaKeywords;
			productName = JavaKeywords;
			productReference = 664DFE722392A2C6003A97C1 /* JavaKeywords.app */;
			productType = "com.apple.product-type.application";
		};
		664DFE872392A2C6003A97C1 /* JavaKeywordsTests */ = {
			isa = PBXNativeTarget;
			buildConfigurationList = 664DFE9F2392A2C6003A97C1 /* Build configuration list for PBXNativeTarget "JavaKeywordsTests" */;
			buildPhases = (
				664DFE842392A2C6003A97C1 /* Sources */,
				664DFE852392A2C6003A97C1 /* Frameworks */,
				664DFE862392A2C6003A97C1 /* Resources */,
			);
			buildRules = (
			);
			dependencies = (
				664DFE8A2392A2C6003A97C1 /* PBXTargetDependency */,
			);
			name = JavaKeywordsTests;
			productName = JavaKeywordsTests;
			productReference = 664DFE882392A2C6003A97C1 /* JavaKeywordsTests.xctest */;
			productType = "com.apple.product-type.bundle.unit-test";
		};
		664DFE922392A2C6003A97C1 /* JavaKeywordsUITests */ = {
			isa = PBXNativeTarget;
			buildConfigurationList = 664DFEA22392A2C6003A97C1 /* Build configuration list for PBXNativeTarget "JavaKeywordsUITests" */;
			buildPhases = (
				664DFE8F2392A2C6003A97C1 /* Sources */,
				664DFE902392A2C6003A97C1 /* Frameworks */,
				664DFE912392A2C6003A97C1 /* Resources */,
			);
			buildRules = (
			);
			dependencies = (
				664DFE952392A2C6003A97C1 /* PBXTargetDependency */,
			);
			name = JavaKeywordsUITests;
			productName = JavaKeywordsUITests;
			productReference = 664DFE932392A2C6003A97C1 /* JavaKeywordsUITests.xctest */;
			productType = "com.apple.product-type.bundle.ui-testing";
		};
/* End PBXNativeTarget section */

/* Begin PBXProject section */
		664DFE6A2392A2C6003A97C1 /* Project object */ = {
			isa = PBXProject;
			attributes = {
				LastSwiftUpdateCheck = 1120;
				LastUpgradeCheck = 1120;
				ORGANIZATIONNAME = "Mateus Brigido";
				TargetAttributes = {
					664DFE712392A2C6003A97C1 = {
						CreatedOnToolsVersion = 11.2.1;
					};
					664DFE872392A2C6003A97C1 = {
						CreatedOnToolsVersion = 11.2.1;
						TestTargetID = 664DFE712392A2C6003A97C1;
					};
					664DFE922392A2C6003A97C1 = {
						CreatedOnToolsVersion = 11.2.1;
						TestTargetID = 664DFE712392A2C6003A97C1;
					};
				};
			};
			buildConfigurationList = 664DFE6D2392A2C6003A97C1 /* Build configuration list for PBXProject "JavaKeywords" */;
			compatibilityVersion = "Xcode 9.3";
			developmentRegion = en;
			hasScannedForEncodings = 0;
			knownRegions = (
				en,
				Base,
			);
			mainGroup = 664DFE692392A2C6003A97C1;
			productRefGroup = 664DFE732392A2C6003A97C1 /* Products */;
			projectDirPath = "";
			projectRoot = "";
			targets = (
				664DFE712392A2C6003A97C1 /* JavaKeywords */,
				664DFE872392A2C6003A97C1 /* JavaKeywordsTests */,
				664DFE922392A2C6003A97C1 /* JavaKeywordsUITests */,
			);
		};
/* End PBXProject section */

/* Begin PBXResourcesBuildPhase section */
		664DFE702392A2C6003A97C1 /* Resources */ = {
			isa = PBXResourcesBuildPhase;
			buildActionMask = 2147483647;
			files = (
				6602EDAF2393E22A0039D0C6 /* Playing Screen.png in Resources */,
				6602EDAE2393E22A0039D0C6 /* Winning Screen.png in Resources */,
				664DFE822392A2C6003A97C1 /* LaunchScreen.storyboard in Resources */,
				6602EDB02393E22A0039D0C6 /* Loading Screen.png in Resources */,
				664DFE7F2392A2C6003A97C1 /* Assets.xcassets in Resources */,
				6602EDB22393E22A0039D0C6 /* Game Over Screen.png in Resources */,
				6602EDB12393E22A0039D0C6 /* Start Screen.png in Resources */,
				664DFE7D2392A2C6003A97C1 /* Main.storyboard in Resources */,
			);
			runOnlyForDeploymentPostprocessing = 0;
		};
		664DFE862392A2C6003A97C1 /* Resources */ = {
			isa = PBXResourcesBuildPhase;
			buildActionMask = 2147483647;
			files = (
			);
			runOnlyForDeploymentPostprocessing = 0;
		};
		664DFE912392A2C6003A97C1 /* Resources */ = {
			isa = PBXResourcesBuildPhase;
			buildActionMask = 2147483647;
			files = (
			);
			runOnlyForDeploymentPostprocessing = 0;
		};
/* End PBXResourcesBuildPhase section */

/* Begin PBXSourcesBuildPhase section */
		664DFE6E2392A2C6003A97C1 /* Sources */ = {
			isa = PBXSourcesBuildPhase;
			buildActionMask = 2147483647;
			files = (
				6602EDA02392ECD30039D0C6 /* GameState.swift in Sources */,
				6602EDA72393DDDE0039D0C6 /* ErrorResult.swift in Sources */,
				664DFEA92392ABD1003A97C1 /* Question.swift in Sources */,
				6602EDA52393CFD10039D0C6 /* UITextField.swift in Sources */,
				664DFE7A2392A2C6003A97C1 /* QuestionViewController.swift in Sources */,
				6602EDA32393054E0039D0C6 /* UIButton.swift in Sources */,
				664DFE762392A2C6003A97C1 /* AppDelegate.swift in Sources */,
				664DFEAC2392AC9B003A97C1 /* QuestionService.swift in Sources */,
				664DFE782392A2C6003A97C1 /* SceneDelegate.swift in Sources */,
				664DFEA72392A790003A97C1 /* Countdown.swift in Sources */,
			);
			runOnlyForDeploymentPostprocessing = 0;
		};
		664DFE842392A2C6003A97C1 /* Sources */ = {
			isa = PBXSourcesBuildPhase;
			buildActionMask = 2147483647;
			files = (
				664DFE8D2392A2C6003A97C1 /* JavaKeywordsTests.swift in Sources */,
			);
			runOnlyForDeploymentPostprocessing = 0;
		};
		664DFE8F2392A2C6003A97C1 /* Sources */ = {
			isa = PBXSourcesBuildPhase;
			buildActionMask = 2147483647;
			files = (
				664DFE982392A2C6003A97C1 /* JavaKeywordsUITests.swift in Sources */,
			);
			runOnlyForDeploymentPostprocessing = 0;
		};
/* End PBXSourcesBuildPhase section */

/* Begin PBXTargetDependency section */
		664DFE8A2392A2C6003A97C1 /* PBXTargetDependency */ = {
			isa = PBXTargetDependency;
			target = 664DFE712392A2C6003A97C1 /* JavaKeywords */;
			targetProxy = 664DFE892392A2C6003A97C1 /* PBXContainerItemProxy */;
		};
		664DFE952392A2C6003A97C1 /* PBXTargetDependency */ = {
			isa = PBXTargetDependency;
			target = 664DFE712392A2C6003A97C1 /* JavaKeywords */;
			targetProxy = 664DFE942392A2C6003A97C1 /* PBXContainerItemProxy */;
		};
/* End PBXTargetDependency section */

/* Begin PBXVariantGroup section */
		664DFE7B2392A2C6003A97C1 /* Main.storyboard */ = {
			isa = PBXVariantGroup;
			children = (
				664DFE7C2392A2C6003A97C1 /* Base */,
			);
			name = Main.storyboard;
			sourceTree = "<group>";
		};
		664DFE802392A2C6003A97C1 /* LaunchScreen.storyboard */ = {
			isa = PBXVariantGroup;
			children = (
				664DFE812392A2C6003A97C1 /* Base */,
			);
			name = LaunchScreen.storyboard;
			sourceTree = "<group>";
		};
/* End PBXVariantGroup section */

/* Begin XCBuildConfiguration section */
		664DFE9A2392A2C6003A97C1 /* Debug */ = {
			isa = XCBuildConfiguration;
			buildSettings = {
				ALWAYS_SEARCH_USER_PATHS = NO;
				CLANG_ANALYZER_NONNULL = YES;
				CLANG_ANALYZER_NUMBER_OBJECT_CONVERSION = YES_AGGRESSIVE;
				CLANG_CXX_LANGUAGE_STANDARD = "gnu++14";
				CLANG_CXX_LIBRARY = "libc++";
				CLANG_ENABLE_MODULES = YES;
				CLANG_ENABLE_OBJC_ARC = YES;
				CLANG_ENABLE_OBJC_WEAK = YES;
				CLANG_WARN_BLOCK_CAPTURE_AUTORELEASING = YES;
				CLANG_WARN_BOOL_CONVERSION = YES;
				CLANG_WARN_COMMA = YES;
				CLANG_WARN_CONSTANT_CONVERSION = YES;
				CLANG_WARN_DEPRECATED_OBJC_IMPLEMENTATIONS = YES;
				CLANG_WARN_DIRECT_OBJC_ISA_USAGE = YES_ERROR;
				CLANG_WARN_DOCUMENTATION_COMMENTS = YES;
				CLANG_WARN_EMPTY_BODY = YES;
				CLANG_WARN_ENUM_CONVERSION = YES;
				CLANG_WARN_INFINITE_RECURSION = YES;
				CLANG_WARN_INT_CONVERSION = YES;
				CLANG_WARN_NON_LITERAL_NULL_CONVERSION = YES;
				CLANG_WARN_OBJC_IMPLICIT_RETAIN_SELF = YES;
				CLANG_WARN_OBJC_LITERAL_CONVERSION = YES;
				CLANG_WARN_OBJC_ROOT_CLASS = YES_ERROR;
				CLANG_WARN_RANGE_LOOP_ANALYSIS = YES;
				CLANG_WARN_STRICT_PROTOTYPES = YES;
				CLANG_WARN_SUSPICIOUS_MOVE = YES;
				CLANG_WARN_UNGUARDED_AVAILABILITY = YES_AGGRESSIVE;
				CLANG_WARN_UNREACHABLE_CODE = YES;
				CLANG_WARN__DUPLICATE_METHOD_MATCH = YES;
				COPY_PHASE_STRIP = NO;
				DEBUG_INFORMATION_FORMAT = dwarf;
				ENABLE_STRICT_OBJC_MSGSEND = YES;
				ENABLE_TESTABILITY = YES;
				GCC_C_LANGUAGE_STANDARD = gnu11;
				GCC_DYNAMIC_NO_PIC = NO;
				GCC_NO_COMMON_BLOCKS = YES;
				GCC_OPTIMIZATION_LEVEL = 0;
				GCC_PREPROCESSOR_DEFINITIONS = (
					"DEBUG=1",
					"$(inherited)",
				);
				GCC_WARN_64_TO_32_BIT_CONVERSION = YES;
				GCC_WARN_ABOUT_RETURN_TYPE = YES_ERROR;
				GCC_WARN_UNDECLARED_SELECTOR = YES;
				GCC_WARN_UNINITIALIZED_AUTOS = YES_AGGRESSIVE;
				GCC_WARN_UNUSED_FUNCTION = YES;
				GCC_WARN_UNUSED_VARIABLE = YES;
				IPHONEOS_DEPLOYMENT_TARGET = 13.2;
				MTL_ENABLE_DEBUG_INFO = INCLUDE_SOURCE;
				MTL_FAST_MATH = YES;
				ONLY_ACTIVE_ARCH = YES;
				SDKROOT = iphoneos;
				SWIFT_ACTIVE_COMPILATION_CONDITIONS = DEBUG;
				SWIFT_OPTIMIZATION_LEVEL = "-Onone";
			};
			name = Debug;
		};
		664DFE9B2392A2C6003A97C1 /* Release */ = {
			isa = XCBuildConfiguration;
			buildSettings = {
				ALWAYS_SEARCH_USER_PATHS = NO;
				CLANG_ANALYZER_NONNULL = YES;
				CLANG_ANALYZER_NUMBER_OBJECT_CONVERSION = YES_AGGRESSIVE;
				CLANG_CXX_LANGUAGE_STANDARD = "gnu++14";
				CLANG_CXX_LIBRARY = "libc++";
				CLANG_ENABLE_MODULES = YES;
				CLANG_ENABLE_OBJC_ARC = YES;
				CLANG_ENABLE_OBJC_WEAK = YES;
				CLANG_WARN_BLOCK_CAPTURE_AUTORELEASING = YES;
				CLANG_WARN_BOOL_CONVERSION = YES;
				CLANG_WARN_COMMA = YES;
				CLANG_WARN_CONSTANT_CONVERSION = YES;
				CLANG_WARN_DEPRECATED_OBJC_IMPLEMENTATIONS = YES;
				CLANG_WARN_DIRECT_OBJC_ISA_USAGE = YES_ERROR;
				CLANG_WARN_DOCUMENTATION_COMMENTS = YES;
				CLANG_WARN_EMPTY_BODY = YES;
				CLANG_WARN_ENUM_CONVERSION = YES;
				CLANG_WARN_INFINITE_RECURSION = YES;
				CLANG_WARN_INT_CONVERSION = YES;
				CLANG_WARN_NON_LITERAL_NULL_CONVERSION = YES;
				CLANG_WARN_OBJC_IMPLICIT_RETAIN_SELF = YES;
				CLANG_WARN_OBJC_LITERAL_CONVERSION = YES;
				CLANG_WARN_OBJC_ROOT_CLASS = YES_ERROR;
				CLANG_WARN_RANGE_LOOP_ANALYSIS = YES;
				CLANG_WARN_STRICT_PROTOTYPES = YES;
				CLANG_WARN_SUSPICIOUS_MOVE = YES;
				CLANG_WARN_UNGUARDED_AVAILABILITY = YES_AGGRESSIVE;
				CLANG_WARN_UNREACHABLE_CODE = YES;
				CLANG_WARN__DUPLICATE_METHOD_MATCH = YES;
				COPY_PHASE_STRIP = NO;
				DEBUG_INFORMATION_FORMAT = "dwarf-with-dsym";
				ENABLE_NS_ASSERTIONS = NO;
				ENABLE_STRICT_OBJC_MSGSEND = YES;
				GCC_C_LANGUAGE_STANDARD = gnu11;
				GCC_NO_COMMON_BLOCKS = YES;
				GCC_WARN_64_TO_32_BIT_CONVERSION = YES;
				GCC_WARN_ABOUT_RETURN_TYPE = YES_ERROR;
				GCC_WARN_UNDECLARED_SELECTOR = YES;
				GCC_WARN_UNINITIALIZED_AUTOS = YES_AGGRESSIVE;
				GCC_WARN_UNUSED_FUNCTION = YES;
				GCC_WARN_UNUSED_VARIABLE = YES;
				IPHONEOS_DEPLOYMENT_TARGET = 13.2;
				MTL_ENABLE_DEBUG_INFO = NO;
				MTL_FAST_MATH = YES;
				SDKROOT = iphoneos;
				SWIFT_COMPILATION_MODE = wholemodule;
				SWIFT_OPTIMIZATION_LEVEL = "-O";
				VALIDATE_PRODUCT = YES;
			};
			name = Release;
		};
		664DFE9D2392A2C6003A97C1 /* Debug */ = {
			isa = XCBuildConfiguration;
			buildSettings = {
				ASSETCATALOG_COMPILER_APPICON_NAME = AppIcon;
				CODE_SIGN_STYLE = Automatic;
				DEVELOPMENT_TEAM = 22W23U82TZ;
				INFOPLIST_FILE = JavaKeywords/Info.plist;
				LD_RUNPATH_SEARCH_PATHS = (
					"$(inherited)",
					"@executable_path/Frameworks",
				);
				PRODUCT_BUNDLE_IDENTIFIER = com.mateusbrigido.arctouch.javakeywords;
				PRODUCT_NAME = "$(TARGET_NAME)";
				SWIFT_VERSION = 5.0;
				TARGETED_DEVICE_FAMILY = "1,2";
			};
			name = Debug;
		};
		664DFE9E2392A2C6003A97C1 /* Release */ = {
			isa = XCBuildConfiguration;
			buildSettings = {
				ASSETCATALOG_COMPILER_APPICON_NAME = AppIcon;
				CODE_SIGN_STYLE = Automatic;
				DEVELOPMENT_TEAM = 22W23U82TZ;
				INFOPLIST_FILE = JavaKeywords/Info.plist;
				LD_RUNPATH_SEARCH_PATHS = (
					"$(inherited)",
					"@executable_path/Frameworks",
				);
				PRODUCT_BUNDLE_IDENTIFIER = com.mateusbrigido.arctouch.javakeywords;
				PRODUCT_NAME = "$(TARGET_NAME)";
				SWIFT_VERSION = 5.0;
				TARGETED_DEVICE_FAMILY = "1,2";
			};
			name = Release;
		};
		664DFEA02392A2C6003A97C1 /* Debug */ = {
			isa = XCBuildConfiguration;
			buildSettings = {
				ALWAYS_EMBED_SWIFT_STANDARD_LIBRARIES = YES;
				BUNDLE_LOADER = "$(TEST_HOST)";
				CODE_SIGN_STYLE = Automatic;
				DEVELOPMENT_TEAM = 427JYDFXVU;
				INFOPLIST_FILE = JavaKeywordsTests/Info.plist;
				IPHONEOS_DEPLOYMENT_TARGET = 13.2;
				LD_RUNPATH_SEARCH_PATHS = (
					"$(inherited)",
					"@executable_path/Frameworks",
					"@loader_path/Frameworks",
				);
				PRODUCT_BUNDLE_IDENTIFIER = com.mateusbrigido.JavaKeywordsTests;
				PRODUCT_NAME = "$(TARGET_NAME)";
				SWIFT_VERSION = 5.0;
				TARGETED_DEVICE_FAMILY = "1,2";
				TEST_HOST = "$(BUILT_PRODUCTS_DIR)/JavaKeywords.app/JavaKeywords";
			};
			name = Debug;
		};
		664DFEA12392A2C6003A97C1 /* Release */ = {
			isa = XCBuildConfiguration;
			buildSettings = {
				ALWAYS_EMBED_SWIFT_STANDARD_LIBRARIES = YES;
				BUNDLE_LOADER = "$(TEST_HOST)";
				CODE_SIGN_STYLE = Automatic;
				DEVELOPMENT_TEAM = 427JYDFXVU;
				INFOPLIST_FILE = JavaKeywordsTests/Info.plist;
				IPHONEOS_DEPLOYMENT_TARGET = 13.2;
				LD_RUNPATH_SEARCH_PATHS = (
					"$(inherited)",
					"@executable_path/Frameworks",
					"@loader_path/Frameworks",
				);
				PRODUCT_BUNDLE_IDENTIFIER = com.mateusbrigido.JavaKeywordsTests;
				PRODUCT_NAME = "$(TARGET_NAME)";
				SWIFT_VERSION = 5.0;
				TARGETED_DEVICE_FAMILY = "1,2";
				TEST_HOST = "$(BUILT_PRODUCTS_DIR)/JavaKeywords.app/JavaKeywords";
			};
			name = Release;
		};
		664DFEA32392A2C6003A97C1 /* Debug */ = {
			isa = XCBuildConfiguration;
			buildSettings = {
				ALWAYS_EMBED_SWIFT_STANDARD_LIBRARIES = YES;
				CODE_SIGN_STYLE = Automatic;
				DEVELOPMENT_TEAM = 427JYDFXVU;
				INFOPLIST_FILE = JavaKeywordsUITests/Info.plist;
				LD_RUNPATH_SEARCH_PATHS = (
					"$(inherited)",
					"@executable_path/Frameworks",
					"@loader_path/Frameworks",
				);
				PRODUCT_BUNDLE_IDENTIFIER = com.mateusbrigido.JavaKeywordsUITests;
				PRODUCT_NAME = "$(TARGET_NAME)";
				SWIFT_VERSION = 5.0;
				TARGETED_DEVICE_FAMILY = "1,2";
				TEST_TARGET_NAME = JavaKeywords;
			};
			name = Debug;
		};
		664DFEA42392A2C6003A97C1 /* Release */ = {
			isa = XCBuildConfiguration;
			buildSettings = {
				ALWAYS_EMBED_SWIFT_STANDARD_LIBRARIES = YES;
				CODE_SIGN_STYLE = Automatic;
				DEVELOPMENT_TEAM = 427JYDFXVU;
				INFOPLIST_FILE = JavaKeywordsUITests/Info.plist;
				LD_RUNPATH_SEARCH_PATHS = (
					"$(inherited)",
					"@executable_path/Frameworks",
					"@loader_path/Frameworks",
				);
				PRODUCT_BUNDLE_IDENTIFIER = com.mateusbrigido.JavaKeywordsUITests;
				PRODUCT_NAME = "$(TARGET_NAME)";
				SWIFT_VERSION = 5.0;
				TARGETED_DEVICE_FAMILY = "1,2";
				TEST_TARGET_NAME = JavaKeywords;
			};
			name = Release;
		};
/* End XCBuildConfiguration section */

/* Begin XCConfigurationList section */
		664DFE6D2392A2C6003A97C1 /* Build configuration list for PBXProject "JavaKeywords" */ = {
			isa = XCConfigurationList;
			buildConfigurations = (
				664DFE9A2392A2C6003A97C1 /* Debug */,
				664DFE9B2392A2C6003A97C1 /* Release */,
			);
			defaultConfigurationIsVisible = 0;
			defaultConfigurationName = Release;
		};
		664DFE9C2392A2C6003A97C1 /* Build configuration list for PBXNativeTarget "JavaKeywords" */ = {
			isa = XCConfigurationList;
			buildConfigurations = (
				664DFE9D2392A2C6003A97C1 /* Debug */,
				664DFE9E2392A2C6003A97C1 /* Release */,
			);
			defaultConfigurationIsVisible = 0;
			defaultConfigurationName = Release;
		};
		664DFE9F2392A2C6003A97C1 /* Build configuration list for PBXNativeTarget "JavaKeywordsTests" */ = {
			isa = XCConfigurationList;
			buildConfigurations = (
				664DFEA02392A2C6003A97C1 /* Debug */,
				664DFEA12392A2C6003A97C1 /* Release */,
			);
			defaultConfigurationIsVisible = 0;
			defaultConfigurationName = Release;
		};
		664DFEA22392A2C6003A97C1 /* Build configuration list for PBXNativeTarget "JavaKeywordsUITests" */ = {
			isa = XCConfigurationList;
			buildConfigurations = (
				664DFEA32392A2C6003A97C1 /* Debug */,
				664DFEA42392A2C6003A97C1 /* Release */,
			);
			defaultConfigurationIsVisible = 0;
			defaultConfigurationName = Release;
		};
/* End XCConfigurationList section */
	};
	rootObject = 664DFE6A2392A2C6003A97C1 /* Project object */;
}
